{
  "name": "epinova-dxp-api-devops-tasks",
  "version": "2.10.0",
  "lockfileVersion": 3,
  "requires": true,
  "packages": {
    "": {
      "name": "epinova-dxp-api-devops-tasks",
      "version": "2.10.0",
      "license": "MIT",
      "dependencies": {
        "azure-devops-extension-sdk": "4.0.2"
      }
    },
    "node_modules/azure-devops-extension-sdk": {
      "version": "4.0.2",
      "resolved": "https://registry.npmjs.org/azure-devops-extension-sdk/-/azure-devops-extension-sdk-4.0.2.tgz",
      "integrity": "sha512-r8JwhjQT3el/X7XyMJGq/mlNDN/Cdpw5Dw/2nXcCdBmfyvDMgCcD0a+4EgL7Fi4ULcy+hPrlwejv8l1K4/XZSQ==",
      "engines": {
        "node": ">=18.0.0"
      }
    }
  }
}
